
Microsoft Visual Studio Solution File, Format Version 12.00
# Visual Studio 15
VisualStudioVersion = 15.0.27703.2042
MinimumVisualStudioVersion = 10.0.40219.1
Project("{FAE04EC0-301F-11D3-BF4B-00C04F79EFBC}") = "DentCarePractice", "DentCarePractice\DentCarePractice.csproj", "{420CE314-76A3-472E-A8FD-AD54D8317BD2}"
EndProject
Global
	GlobalSection(SolutionConfigurationPlatforms) = preSolution
		Debug|Any CPU = Debug|Any CPU
		Release|Any CPU = Release|Any CPU
	EndGlobalSection
	GlobalSection(ProjectConfigurationPlatforms) = postSolution
		{420CE314-76A3-472E-A8FD-AD54D8317BD2}.Debug|Any CPU.ActiveCfg = Debug|Any CPU
		{420CE314-76A3-472E-A8FD-AD54D8317BD2}.Debug|Any CPU.Build.0 = Debug|Any CPU
		{420CE314-76A3-472E-A8FD-AD54D8317BD2}.Release|Any CPU.ActiveCfg = Release|Any CPU
		{420CE314-76A3-472E-A8FD-AD54D8317BD2}.Release|Any CPU.Build.0 = Release|Any CPU
	EndGlobalSection
	GlobalSection(SolutionProperties) = preSolution
		HideSolutionNode = FALSE
	EndGlobalSection
	GlobalSection(ExtensibilityGlobals) = postSolution
		SolutionGuid = {49414F28-EDC5-439D-9D2E-8543797B0F16}
	EndGlobalSection
EndGlobal
